
Microsoft Visual Studio Solution File, Format Version 12.00
# Visual Studio Version 17
VisualStudioVersion = 17.0.31903.59
MinimumVisualStudioVersion = 10.0.40219.1
Project("{2150E333-8FDC-42A3-9474-1A3956D46DE8}") = "src", "src", "{827E0CD3-B72D-47B6-A68D-7590B98EB39B}"
EndProject
Project("{FAE04EC0-301F-11D3-BF4B-00C04F79EFBC}") = "TheBelgian.TimeControl.Core", "src\TheBelgian.TimeControl.Core\TheBelgian.TimeControl.Core.csproj", "{125AF8BE-7978-4543-BAE0-0CD2F2980B36}"
EndProject
Project("{FAE04EC0-301F-11D3-BF4B-00C04F79EFBC}") = "TheBelgian.TimeControl.Infrastructure", "src\TheBelgian.TimeControl.Infrastructure\TheBelgian.TimeControl.Infrastructure.csproj", "{E3D0DA25-5E8D-4EBB-9BA3-952E8F4B722C}"
EndProject
Project("{FAE04EC0-301F-11D3-BF4B-00C04F79EFBC}") = "TheBelgian.TimeControl.Web", "src\TheBelgian.TimeControl.Web\TheBelgian.TimeControl.Web.csproj", "{E5F48A29-4430-4D56-831A-E93C319EF93F}"
EndProject
Project("{2150E333-8FDC-42A3-9474-1A3956D46DE8}") = "tests", "tests", "{0AB3BF05-4346-4AA6-1389-037BE0695223}"
EndProject
Project("{FAE04EC0-301F-11D3-BF4B-00C04F79EFBC}") = "TheBelgian.TimeControl.Tests", "tests\TheBelgian.TimeControl.Tests\TheBelgian.TimeControl.Tests.csproj", "{C03932C4-73D1-4C2F-B288-7807E09332A4}"
EndProject
Global
	GlobalSection(SolutionConfigurationPlatforms) = preSolution
		Debug|Any CPU = Debug|Any CPU
		Debug|x64 = Debug|x64
		Debug|x86 = Debug|x86
		Release|Any CPU = Release|Any CPU
		Release|x64 = Release|x64
		Release|x86 = Release|x86
	EndGlobalSection
	GlobalSection(ProjectConfigurationPlatforms) = postSolution
		{125AF8BE-7978-4543-BAE0-0CD2F2980B36}.Debug|Any CPU.ActiveCfg = Debug|Any CPU
		{125AF8BE-7978-4543-BAE0-0CD2F2980B36}.Debug|Any CPU.Build.0 = Debug|Any CPU
		{125AF8BE-7978-4543-BAE0-0CD2F2980B36}.Debug|x64.ActiveCfg = Debug|Any CPU
		{125AF8BE-7978-4543-BAE0-0CD2F2980B36}.Debug|x64.Build.0 = Debug|Any CPU
		{125AF8BE-7978-4543-BAE0-0CD2F2980B36}.Debug|x86.ActiveCfg = Debug|Any CPU
		{125AF8BE-7978-4543-BAE0-0CD2F2980B36}.Debug|x86.Build.0 = Debug|Any CPU
		{125AF8BE-7978-4543-BAE0-0CD2F2980B36}.Release|Any CPU.ActiveCfg = Release|Any CPU
		{125AF8BE-7978-4543-BAE0-0CD2F2980B36}.Release|Any CPU.Build.0 = Release|Any CPU
		{125AF8BE-7978-4543-BAE0-0CD2F2980B36}.Release|x64.ActiveCfg = Release|Any CPU
		{125AF8BE-7978-4543-BAE0-0CD2F2980B36}.Release|x64.Build.0 = Release|Any CPU
		{125AF8BE-7978-4543-BAE0-0CD2F2980B36}.Release|x86.ActiveCfg = Release|Any CPU
		{125AF8BE-7978-4543-BAE0-0CD2F2980B36}.Release|x86.Build.0 = Release|Any CPU
		{E3D0DA25-5E8D-4EBB-9BA3-952E8F4B722C}.Debug|Any CPU.ActiveCfg = Debug|Any CPU
		{E3D0DA25-5E8D-4EBB-9BA3-952E8F4B722C}.Debug|Any CPU.Build.0 = Debug|Any CPU
		{E3D0DA25-5E8D-4EBB-9BA3-952E8F4B722C}.Debug|x64.ActiveCfg = Debug|Any CPU
		{E3D0DA25-5E8D-4EBB-9BA3-952E8F4B722C}.Debug|x64.Build.0 = Debug|Any CPU
		{E3D0DA25-5E8D-4EBB-9BA3-952E8F4B722C}.Debug|x86.ActiveCfg = Debug|Any CPU
		{E3D0DA25-5E8D-4EBB-9BA3-952E8F4B722C}.Debug|x86.Build.0 = Debug|Any CPU
		{E3D0DA25-5E8D-4EBB-9BA3-952E8F4B722C}.Release|Any CPU.ActiveCfg = Release|Any CPU
		{E3D0DA25-5E8D-4EBB-9BA3-952E8F4B722C}.Release|Any CPU.Build.0 = Release|Any CPU
		{E3D0DA25-5E8D-4EBB-9BA3-952E8F4B722C}.Release|x64.ActiveCfg = Release|Any CPU
		{E3D0DA25-5E8D-4EBB-9BA3-952E8F4B722C}.Release|x64.Build.0 = Release|Any CPU
		{E3D0DA25-5E8D-4EBB-9BA3-952E8F4B722C}.Release|x86.ActiveCfg = Release|Any CPU
		{E3D0DA25-5E8D-4EBB-9BA3-952E8F4B722C}.Release|x86.Build.0 = Release|Any CPU
		{E5F48A29-4430-4D56-831A-E93C319EF93F}.Debug|Any CPU.ActiveCfg = Debug|Any CPU
		{E5F48A29-4430-4D56-831A-E93C319EF93F}.Debug|Any CPU.Build.0 = Debug|Any CPU
		{E5F48A29-4430-4D56-831A-E93C319EF93F}.Debug|x64.ActiveCfg = Debug|Any CPU
		{E5F48A29-4430-4D56-831A-E93C319EF93F}.Debug|x64.Build.0 = Debug|Any CPU
		{E5F48A29-4430-4D56-831A-E93C319EF93F}.Debug|x86.ActiveCfg = Debug|Any CPU
		{E5F48A29-4430-4D56-831A-E93C319EF93F}.Debug|x86.Build.0 = Debug|Any CPU
		{E5F48A29-4430-4D56-831A-E93C319EF93F}.Release|Any CPU.ActiveCfg = Release|Any CPU
		{E5F48A29-4430-4D56-831A-E93C319EF93F}.Release|Any CPU.Build.0 = Release|Any CPU
		{E5F48A29-4430-4D56-831A-E93C319EF93F}.Release|x64.ActiveCfg = Release|Any CPU
		{E5F48A29-4430-4D56-831A-E93C319EF93F}.Release|x64.Build.0 = Release|Any CPU
		{E5F48A29-4430-4D56-831A-E93C319EF93F}.Release|x86.ActiveCfg = Release|Any CPU
		{E5F48A29-4430-4D56-831A-E93C319EF93F}.Release|x86.Build.0 = Release|Any CPU
		{C03932C4-73D1-4C2F-B288-7807E09332A4}.Debug|Any CPU.ActiveCfg = Debug|Any CPU
		{C03932C4-73D1-4C2F-B288-7807E09332A4}.Debug|Any CPU.Build.0 = Debug|Any CPU
		{C03932C4-73D1-4C2F-B288-7807E09332A4}.Debug|x64.ActiveCfg = Debug|Any CPU
		{C03932C4-73D1-4C2F-B288-7807E09332A4}.Debug|x64.Build.0 = Debug|Any CPU
		{C03932C4-73D1-4C2F-B288-7807E09332A4}.Debug|x86.ActiveCfg = Debug|Any CPU
		{C03932C4-73D1-4C2F-B288-7807E09332A4}.Debug|x86.Build.0 = Debug|Any CPU
		{C03932C4-73D1-4C2F-B288-7807E09332A4}.Release|Any CPU.ActiveCfg = Release|Any CPU
		{C03932C4-73D1-4C2F-B288-7807E09332A4}.Release|Any CPU.Build.0 = Release|Any CPU
		{C03932C4-73D1-4C2F-B288-7807E09332A4}.Release|x64.ActiveCfg = Release|Any CPU
		{C03932C4-73D1-4C2F-B288-7807E09332A4}.Release|x64.Build.0 = Release|Any CPU
		{C03932C4-73D1-4C2F-B288-7807E09332A4}.Release|x86.ActiveCfg = Release|Any CPU
		{C03932C4-73D1-4C2F-B288-7807E09332A4}.Release|x86.Build.0 = Release|Any CPU
	EndGlobalSection
	GlobalSection(SolutionProperties) = preSolution
		HideSolutionNode = FALSE
	EndGlobalSection
	GlobalSection(NestedProjects) = preSolution
		{125AF8BE-7978-4543-BAE0-0CD2F2980B36} = {827E0CD3-B72D-47B6-A68D-7590B98EB39B}
		{E3D0DA25-5E8D-4EBB-9BA3-952E8F4B722C} = {827E0CD3-B72D-47B6-A68D-7590B98EB39B}
		{E5F48A29-4430-4D56-831A-E93C319EF93F} = {827E0CD3-B72D-47B6-A68D-7590B98EB39B}
		{C03932C4-73D1-4C2F-B288-7807E09332A4} = {0AB3BF05-4346-4AA6-1389-037BE0695223}
	EndGlobalSection
EndGlobal
